
Microsoft Visual Studio Solution File, Format Version 12.00
# Visual Studio Version 17
VisualStudioVersion = 17.6.33829.357
MinimumVisualStudioVersion = 10.0.40219.1
Project("{2150E333-8FDC-42A3-9474-1A3956D46DE8}") = "SecurityTokenService", "SecurityTokenService", "{7D0E1636-B959-429F-9126-EAD2D4F053AE}"
EndProject
Project("{9A19103F-16F7-4668-BE54-9A1E7A4F7556}") = "SecurityTokenService.UI", "SecurityTokenService\SecurityTokenService.UI\SecurityTokenService.UI.csproj", "{CD88FE53-2B05-4577-9DD8-A8EE8F3CFDE3}"
EndProject
Project("{2150E333-8FDC-42A3-9474-1A3956D46DE8}") = "Administration", "Administration", "{A0BCE590-372E-4F96-8AA1-202A78C41CBF}"
EndProject
Project("{2150E333-8FDC-42A3-9474-1A3956D46DE8}") = "Shared", "Shared", "{1B8BAC7D-774A-48C5-90E7-1169D7240875}"
EndProject
Project("{9A19103F-16F7-4668-BE54-9A1E7A4F7556}") = "SecurityTokenService.Persistence.ConfigurationStore", "SecurityTokenService\SecurityTokenService.Persistence.ConfigurationStore\SecurityTokenService.Persistence.ConfigurationStore.csproj", "{A9DBAB59-DE72-4606-BB5D-1D474F0B9998}"
EndProject
Project("{9A19103F-16F7-4668-BE54-9A1E7A4F7556}") = "SecurityTokenService.Persistence.OperationalStore", "SecurityTokenService\SecurityTokenService.Persistence.OperationalStore\SecurityTokenService.Persistence.OperationalStore.csproj", "{E65F6E39-4822-4FC5-8B03-B680F518555D}"
EndProject
Project("{9A19103F-16F7-4668-BE54-9A1E7A4F7556}") = "Administration.Services", "Administration\Administration.Services\Administration.Services.csproj", "{9452DBFA-F839-4C9A-96D4-476291708368}"
EndProject
Project("{FAE04EC0-301F-11D3-BF4B-00C04F79EFBC}") = "Shared.Persistence.IdentityStore", "Shared\Shared.Persistence.IdentityStore\Shared.Persistence.IdentityStore.csproj", "{B1D42060-C0FB-4B33-8B84-74D4B0432CE5}"
EndProject
Global
	GlobalSection(SolutionConfigurationPlatforms) = preSolution
		Debug|Any CPU = Debug|Any CPU
		Release|Any CPU = Release|Any CPU
	EndGlobalSection
	GlobalSection(ProjectConfigurationPlatforms) = postSolution
		{CD88FE53-2B05-4577-9DD8-A8EE8F3CFDE3}.Debug|Any CPU.ActiveCfg = Debug|Any CPU
		{CD88FE53-2B05-4577-9DD8-A8EE8F3CFDE3}.Debug|Any CPU.Build.0 = Debug|Any CPU
		{CD88FE53-2B05-4577-9DD8-A8EE8F3CFDE3}.Release|Any CPU.ActiveCfg = Release|Any CPU
		{CD88FE53-2B05-4577-9DD8-A8EE8F3CFDE3}.Release|Any CPU.Build.0 = Release|Any CPU
		{A9DBAB59-DE72-4606-BB5D-1D474F0B9998}.Debug|Any CPU.ActiveCfg = Debug|Any CPU
		{A9DBAB59-DE72-4606-BB5D-1D474F0B9998}.Debug|Any CPU.Build.0 = Debug|Any CPU
		{A9DBAB59-DE72-4606-BB5D-1D474F0B9998}.Release|Any CPU.ActiveCfg = Release|Any CPU
		{A9DBAB59-DE72-4606-BB5D-1D474F0B9998}.Release|Any CPU.Build.0 = Release|Any CPU
		{E65F6E39-4822-4FC5-8B03-B680F518555D}.Debug|Any CPU.ActiveCfg = Debug|Any CPU
		{E65F6E39-4822-4FC5-8B03-B680F518555D}.Debug|Any CPU.Build.0 = Debug|Any CPU
		{E65F6E39-4822-4FC5-8B03-B680F518555D}.Release|Any CPU.ActiveCfg = Release|Any CPU
		{E65F6E39-4822-4FC5-8B03-B680F518555D}.Release|Any CPU.Build.0 = Release|Any CPU
		{9452DBFA-F839-4C9A-96D4-476291708368}.Debug|Any CPU.ActiveCfg = Debug|Any CPU
		{9452DBFA-F839-4C9A-96D4-476291708368}.Debug|Any CPU.Build.0 = Debug|Any CPU
		{9452DBFA-F839-4C9A-96D4-476291708368}.Release|Any CPU.ActiveCfg = Release|Any CPU
		{9452DBFA-F839-4C9A-96D4-476291708368}.Release|Any CPU.Build.0 = Release|Any CPU
		{B1D42060-C0FB-4B33-8B84-74D4B0432CE5}.Debug|Any CPU.ActiveCfg = Debug|Any CPU
		{B1D42060-C0FB-4B33-8B84-74D4B0432CE5}.Debug|Any CPU.Build.0 = Debug|Any CPU
		{B1D42060-C0FB-4B33-8B84-74D4B0432CE5}.Release|Any CPU.ActiveCfg = Release|Any CPU
		{B1D42060-C0FB-4B33-8B84-74D4B0432CE5}.Release|Any CPU.Build.0 = Release|Any CPU
	EndGlobalSection
	GlobalSection(SolutionProperties) = preSolution
		HideSolutionNode = FALSE
	EndGlobalSection
	GlobalSection(NestedProjects) = preSolution
		{CD88FE53-2B05-4577-9DD8-A8EE8F3CFDE3} = {7D0E1636-B959-429F-9126-EAD2D4F053AE}
		{A9DBAB59-DE72-4606-BB5D-1D474F0B9998} = {7D0E1636-B959-429F-9126-EAD2D4F053AE}
		{E65F6E39-4822-4FC5-8B03-B680F518555D} = {7D0E1636-B959-429F-9126-EAD2D4F053AE}
		{9452DBFA-F839-4C9A-96D4-476291708368} = {A0BCE590-372E-4F96-8AA1-202A78C41CBF}
		{B1D42060-C0FB-4B33-8B84-74D4B0432CE5} = {1B8BAC7D-774A-48C5-90E7-1169D7240875}
	EndGlobalSection
	GlobalSection(ExtensibilityGlobals) = postSolution
		SolutionGuid = {108C7A6E-B0F5-4415-B7F3-21651CE03062}
	EndGlobalSection
EndGlobal
