
Microsoft Visual Studio Solution File, Format Version 12.00
# Visual Studio Version 17
VisualStudioVersion = 17.6.33829.357
MinimumVisualStudioVersion = 10.0.40219.1
Project("{2150E333-8FDC-42A3-9474-1A3956D46DE8}") = "SecurityTokenService", "SecurityTokenService", "{7D0E1636-B959-429F-9126-EAD2D4F053AE}"
EndProject
Project("{9A19103F-16F7-4668-BE54-9A1E7A4F7556}") = "SecurityTokenService.UI", "SecurityTokenService\SecurityTokenService.UI\SecurityTokenService.UI.csproj", "{CD88FE53-2B05-4577-9DD8-A8EE8F3CFDE3}"
EndProject
Project("{2150E333-8FDC-42A3-9474-1A3956D46DE8}") = "Administration", "Administration", "{A0BCE590-372E-4F96-8AA1-202A78C41CBF}"
EndProject
Project("{2150E333-8FDC-42A3-9474-1A3956D46DE8}") = "Shared", "Shared", "{1B8BAC7D-774A-48C5-90E7-1169D7240875}"
EndProject
Project("{9A19103F-16F7-4668-BE54-9A1E7A4F7556}") = "SecurityTokenService.Persistence.ConfigurationStore", "SecurityTokenService\SecurityTokenService.Persistence.ConfigurationStore\SecurityTokenService.Persistence.ConfigurationStore.csproj", "{A9DBAB59-DE72-4606-BB5D-1D474F0B9998}"
EndProject
Project("{9A19103F-16F7-4668-BE54-9A1E7A4F7556}") = "SecurityTokenService.Persistence.OperationalStore", "SecurityTokenService\SecurityTokenService.Persistence.OperationalStore\SecurityTokenService.Persistence.OperationalStore.csproj", "{E65F6E39-4822-4FC5-8B03-B680F518555D}"
EndProject
Project("{FAE04EC0-301F-11D3-BF4B-00C04F79EFBC}") = "Shared.Persistence.IdentityStore", "Shared\Shared.Persistence.IdentityStore\Shared.Persistence.IdentityStore.csproj", "{B1D42060-C0FB-4B33-8B84-74D4B0432CE5}"
EndProject
Project("{2150E333-8FDC-42A3-9474-1A3956D46DE8}") = "Domain", "Domain", "{06752FFF-4485-4FFE-82DF-5ADD8E4D58AA}"
EndProject
Project("{2150E333-8FDC-42A3-9474-1A3956D46DE8}") = "Application", "Application", "{20657430-9961-4282-B0C1-4099B4587F79}"
EndProject
Project("{2150E333-8FDC-42A3-9474-1A3956D46DE8}") = "Presentation", "Presentation", "{034CEC5F-4708-4C2F-9674-D8EBEDEA1B19}"
EndProject
Project("{FAE04EC0-301F-11D3-BF4B-00C04F79EFBC}") = "Administration.Domain", "Administration\Domain\Administration.Domain\Administration.Domain.csproj", "{9088B3DA-F3D5-4EB1-9E25-76ED56F27B4C}"
EndProject
Project("{FAE04EC0-301F-11D3-BF4B-00C04F79EFBC}") = "Administration.Application", "Administration\Application\Administration.Application\Administration.Application.csproj", "{CA62DE7C-495E-4722-9716-119C88FF3D75}"
EndProject
Project("{2150E333-8FDC-42A3-9474-1A3956D46DE8}") = "Infrastructure", "Infrastructure", "{72DA4234-F31F-4316-973B-E3CF50B2D360}"
EndProject
Project("{FAE04EC0-301F-11D3-BF4B-00C04F79EFBC}") = "Administration.Config", "Administration\Infrastructure\Administration.Config\Administration.Config.csproj", "{05602EFD-1281-406F-9FA2-3BD37BC734C0}"
EndProject
Project("{FAE04EC0-301F-11D3-BF4B-00C04F79EFBC}") = "Administration.Presentation.Api", "Administration\Presentation\Administration.Presentation.Api\Administration.Presentation.Api.csproj", "{220DC7E8-F1A8-4DCE-A578-CADBE3B46CCF}"
EndProject
Project("{FAE04EC0-301F-11D3-BF4B-00C04F79EFBC}") = "Administration.ServiceHost", "Administration\Administration.ServiceHost\Administration.ServiceHost.csproj", "{50D6A419-48E7-4490-9F6F-94D36BE41D69}"
EndProject
Global
	GlobalSection(SolutionConfigurationPlatforms) = preSolution
		Debug|Any CPU = Debug|Any CPU
		Release|Any CPU = Release|Any CPU
	EndGlobalSection
	GlobalSection(ProjectConfigurationPlatforms) = postSolution
		{CD88FE53-2B05-4577-9DD8-A8EE8F3CFDE3}.Debug|Any CPU.ActiveCfg = Debug|Any CPU
		{CD88FE53-2B05-4577-9DD8-A8EE8F3CFDE3}.Debug|Any CPU.Build.0 = Debug|Any CPU
		{CD88FE53-2B05-4577-9DD8-A8EE8F3CFDE3}.Release|Any CPU.ActiveCfg = Release|Any CPU
		{CD88FE53-2B05-4577-9DD8-A8EE8F3CFDE3}.Release|Any CPU.Build.0 = Release|Any CPU
		{A9DBAB59-DE72-4606-BB5D-1D474F0B9998}.Debug|Any CPU.ActiveCfg = Debug|Any CPU
		{A9DBAB59-DE72-4606-BB5D-1D474F0B9998}.Debug|Any CPU.Build.0 = Debug|Any CPU
		{A9DBAB59-DE72-4606-BB5D-1D474F0B9998}.Release|Any CPU.ActiveCfg = Release|Any CPU
		{A9DBAB59-DE72-4606-BB5D-1D474F0B9998}.Release|Any CPU.Build.0 = Release|Any CPU
		{E65F6E39-4822-4FC5-8B03-B680F518555D}.Debug|Any CPU.ActiveCfg = Debug|Any CPU
		{E65F6E39-4822-4FC5-8B03-B680F518555D}.Debug|Any CPU.Build.0 = Debug|Any CPU
		{E65F6E39-4822-4FC5-8B03-B680F518555D}.Release|Any CPU.ActiveCfg = Release|Any CPU
		{E65F6E39-4822-4FC5-8B03-B680F518555D}.Release|Any CPU.Build.0 = Release|Any CPU
		{B1D42060-C0FB-4B33-8B84-74D4B0432CE5}.Debug|Any CPU.ActiveCfg = Debug|Any CPU
		{B1D42060-C0FB-4B33-8B84-74D4B0432CE5}.Debug|Any CPU.Build.0 = Debug|Any CPU
		{B1D42060-C0FB-4B33-8B84-74D4B0432CE5}.Release|Any CPU.ActiveCfg = Release|Any CPU
		{B1D42060-C0FB-4B33-8B84-74D4B0432CE5}.Release|Any CPU.Build.0 = Release|Any CPU
		{9088B3DA-F3D5-4EB1-9E25-76ED56F27B4C}.Debug|Any CPU.ActiveCfg = Debug|Any CPU
		{9088B3DA-F3D5-4EB1-9E25-76ED56F27B4C}.Debug|Any CPU.Build.0 = Debug|Any CPU
		{9088B3DA-F3D5-4EB1-9E25-76ED56F27B4C}.Release|Any CPU.ActiveCfg = Release|Any CPU
		{9088B3DA-F3D5-4EB1-9E25-76ED56F27B4C}.Release|Any CPU.Build.0 = Release|Any CPU
		{CA62DE7C-495E-4722-9716-119C88FF3D75}.Debug|Any CPU.ActiveCfg = Debug|Any CPU
		{CA62DE7C-495E-4722-9716-119C88FF3D75}.Debug|Any CPU.Build.0 = Debug|Any CPU
		{CA62DE7C-495E-4722-9716-119C88FF3D75}.Release|Any CPU.ActiveCfg = Release|Any CPU
		{CA62DE7C-495E-4722-9716-119C88FF3D75}.Release|Any CPU.Build.0 = Release|Any CPU
		{05602EFD-1281-406F-9FA2-3BD37BC734C0}.Debug|Any CPU.ActiveCfg = Debug|Any CPU
		{05602EFD-1281-406F-9FA2-3BD37BC734C0}.Debug|Any CPU.Build.0 = Debug|Any CPU
		{05602EFD-1281-406F-9FA2-3BD37BC734C0}.Release|Any CPU.ActiveCfg = Release|Any CPU
		{05602EFD-1281-406F-9FA2-3BD37BC734C0}.Release|Any CPU.Build.0 = Release|Any CPU
		{220DC7E8-F1A8-4DCE-A578-CADBE3B46CCF}.Debug|Any CPU.ActiveCfg = Debug|Any CPU
		{220DC7E8-F1A8-4DCE-A578-CADBE3B46CCF}.Debug|Any CPU.Build.0 = Debug|Any CPU
		{220DC7E8-F1A8-4DCE-A578-CADBE3B46CCF}.Release|Any CPU.ActiveCfg = Release|Any CPU
		{220DC7E8-F1A8-4DCE-A578-CADBE3B46CCF}.Release|Any CPU.Build.0 = Release|Any CPU
		{50D6A419-48E7-4490-9F6F-94D36BE41D69}.Debug|Any CPU.ActiveCfg = Debug|Any CPU
		{50D6A419-48E7-4490-9F6F-94D36BE41D69}.Debug|Any CPU.Build.0 = Debug|Any CPU
		{50D6A419-48E7-4490-9F6F-94D36BE41D69}.Release|Any CPU.ActiveCfg = Release|Any CPU
		{50D6A419-48E7-4490-9F6F-94D36BE41D69}.Release|Any CPU.Build.0 = Release|Any CPU
	EndGlobalSection
	GlobalSection(SolutionProperties) = preSolution
		HideSolutionNode = FALSE
	EndGlobalSection
	GlobalSection(NestedProjects) = preSolution
		{CD88FE53-2B05-4577-9DD8-A8EE8F3CFDE3} = {7D0E1636-B959-429F-9126-EAD2D4F053AE}
		{A9DBAB59-DE72-4606-BB5D-1D474F0B9998} = {7D0E1636-B959-429F-9126-EAD2D4F053AE}
		{E65F6E39-4822-4FC5-8B03-B680F518555D} = {7D0E1636-B959-429F-9126-EAD2D4F053AE}
		{B1D42060-C0FB-4B33-8B84-74D4B0432CE5} = {1B8BAC7D-774A-48C5-90E7-1169D7240875}
		{06752FFF-4485-4FFE-82DF-5ADD8E4D58AA} = {A0BCE590-372E-4F96-8AA1-202A78C41CBF}
		{20657430-9961-4282-B0C1-4099B4587F79} = {A0BCE590-372E-4F96-8AA1-202A78C41CBF}
		{034CEC5F-4708-4C2F-9674-D8EBEDEA1B19} = {A0BCE590-372E-4F96-8AA1-202A78C41CBF}
		{9088B3DA-F3D5-4EB1-9E25-76ED56F27B4C} = {06752FFF-4485-4FFE-82DF-5ADD8E4D58AA}
		{CA62DE7C-495E-4722-9716-119C88FF3D75} = {20657430-9961-4282-B0C1-4099B4587F79}
		{72DA4234-F31F-4316-973B-E3CF50B2D360} = {A0BCE590-372E-4F96-8AA1-202A78C41CBF}
		{05602EFD-1281-406F-9FA2-3BD37BC734C0} = {72DA4234-F31F-4316-973B-E3CF50B2D360}
		{220DC7E8-F1A8-4DCE-A578-CADBE3B46CCF} = {034CEC5F-4708-4C2F-9674-D8EBEDEA1B19}
		{50D6A419-48E7-4490-9F6F-94D36BE41D69} = {A0BCE590-372E-4F96-8AA1-202A78C41CBF}
	EndGlobalSection
	GlobalSection(ExtensibilityGlobals) = postSolution
		SolutionGuid = {108C7A6E-B0F5-4415-B7F3-21651CE03062}
	EndGlobalSection
EndGlobal
